// !$*UTF8*$!
{
	archiveVersion = 1;
	classes = {
	};
	objectVersion = 46;
	objects = {

/* Begin PBXBuildFile section */
		213911C36900426D6445A75D /* libPods.a in Frameworks */ = {isa = PBXBuildFile; fileRef = 73408F1F001C22930F462080 /* libPods.a */; };
		3A4C404F1C11F59B009B520C /* SearchView.m in Sources */ = {isa = PBXBuildFile; fileRef = 3A4C404E1C11F59B009B520C /* SearchView.m */; };
		3A4C40541C11F8DE009B520C /* ic_qu_menu_grabber.png in Resources */ = {isa = PBXBuildFile; fileRef = 3A4C40511C11F8DE009B520C /* ic_qu_menu_grabber.png */; };
		3A4C40551C11F8DE009B520C /* ic_qu_menu_grabber@2x.png in Resources */ = {isa = PBXBuildFile; fileRef = 3A4C40521C11F8DE009B520C /* ic_qu_menu_grabber@2x.png */; };
		3A4C40561C11F8DE009B520C /* ic_qu_menu_grabber@3x.png in Resources */ = {isa = PBXBuildFile; fileRef = 3A4C40531C11F8DE009B520C /* ic_qu_menu_grabber@3x.png */; };
		3A4C405A1C11F8EC009B520C /* ic_qu_search.png in Resources */ = {isa = PBXBuildFile; fileRef = 3A4C40571C11F8EC009B520C /* ic_qu_search.png */; };
		3A4C405B1C11F8EC009B520C /* ic_qu_search@2x.png in Resources */ = {isa = PBXBuildFile; fileRef = 3A4C40581C11F8EC009B520C /* ic_qu_search@2x.png */; };
		3A4C405C1C11F8EC009B520C /* ic_qu_search@3x.png in Resources */ = {isa = PBXBuildFile; fileRef = 3A4C40591C11F8EC009B520C /* ic_qu_search@3x.png */; };
		3A4C40601C11FDEE009B520C /* CircleView.m in Sources */ = {isa = PBXBuildFile; fileRef = 3A4C405F1C11FDEE009B520C /* CircleView.m */; };
		3A4C40691C120405009B520C /* location_1.png in Resources */ = {isa = PBXBuildFile; fileRef = 3A4C40661C120405009B520C /* location_1.png */; };
		3A69DBAD1C13439900EABC79 /* BaseMapViewController.m in Sources */ = {isa = PBXBuildFile; fileRef = 3A69DBAC1C13439900EABC79 /* BaseMapViewController.m */; };
		3AC694771C19C807009B0633 /* location_2.png in Resources */ = {isa = PBXBuildFile; fileRef = 3AC694761C19C807009B0633 /* location_2.png */; };
		3AC694791C19C927009B0633 /* location_0.png in Resources */ = {isa = PBXBuildFile; fileRef = 3AC694781C19C927009B0633 /* location_0.png */; };
		3AC6947C1C19CA7A009B0633 /* CircleLocationView.m in Sources */ = {isa = PBXBuildFile; fileRef = 3AC6947B1C19CA7A009B0633 /* CircleLocationView.m */; };
		4D91A0CA1C16E6C300093EC6 /* DrawerView.m in Sources */ = {isa = PBXBuildFile; fileRef = 4D91A0C91C16E6C300093EC6 /* DrawerView.m */; };
		4DCD332E1C11915000F68262 /* main.m in Sources */ = {isa = PBXBuildFile; fileRef = 4DCD332D1C11915000F68262 /* main.m */; };
		4DCD33311C11915000F68262 /* AppDelegate.m in Sources */ = {isa = PBXBuildFile; fileRef = 4DCD33301C11915000F68262 /* AppDelegate.m */; };
		4DCD33341C11915000F68262 /* ViewController.m in Sources */ = {isa = PBXBuildFile; fileRef = 4DCD33331C11915000F68262 /* ViewController.m */; };
		4DCD33371C11915000F68262 /* Main.storyboard in Resources */ = {isa = PBXBuildFile; fileRef = 4DCD33351C11915000F68262 /* Main.storyboard */; };
		4DCD333A1C11915000F68262 /* iOSMaps.xcdatamodeld in Sources */ = {isa = PBXBuildFile; fileRef = 4DCD33381C11915000F68262 /* iOSMaps.xcdatamodeld */; };
		4DCD333C1C11915000F68262 /* Assets.xcassets in Resources */ = {isa = PBXBuildFile; fileRef = 4DCD333B1C11915000F68262 /* Assets.xcassets */; };
		4DCD333F1C11915000F68262 /* LaunchScreen.storyboard in Resources */ = {isa = PBXBuildFile; fileRef = 4DCD333D1C11915000F68262 /* LaunchScreen.storyboard */; };
/* End PBXBuildFile section */

/* Begin PBXFileReference section */
		3A4C404D1C11F59B009B520C /* SearchView.h */ = {isa = PBXFileReference; fileEncoding = 4; lastKnownFileType = sourcecode.c.h; path = SearchView.h; sourceTree = "<group>"; };
		3A4C404E1C11F59B009B520C /* SearchView.m */ = {isa = PBXFileReference; fileEncoding = 4; lastKnownFileType = sourcecode.c.objc; path = SearchView.m; sourceTree = "<group>"; };
		3A4C40511C11F8DE009B520C /* ic_qu_menu_grabber.png */ = {isa = PBXFileReference; lastKnownFileType = image.png; path = ic_qu_menu_grabber.png; sourceTree = "<group>"; };
		3A4C40521C11F8DE009B520C /* ic_qu_menu_grabber@2x.png */ = {isa = PBXFileReference; lastKnownFileType = image.png; path = "ic_qu_menu_grabber@2x.png"; sourceTree = "<group>"; };
		3A4C40531C11F8DE009B520C /* ic_qu_menu_grabber@3x.png */ = {isa = PBXFileReference; lastKnownFileType = image.png; path = "ic_qu_menu_grabber@3x.png"; sourceTree = "<group>"; };
		3A4C40571C11F8EC009B520C /* ic_qu_search.png */ = {isa = PBXFileReference; lastKnownFileType = image.png; path = ic_qu_search.png; sourceTree = "<group>"; };
		3A4C40581C11F8EC009B520C /* ic_qu_search@2x.png */ = {isa = PBXFileReference; lastKnownFileType = image.png; path = "ic_qu_search@2x.png"; sourceTree = "<group>"; };
		3A4C40591C11F8EC009B520C /* ic_qu_search@3x.png */ = {isa = PBXFileReference; lastKnownFileType = image.png; path = "ic_qu_search@3x.png"; sourceTree = "<group>"; };
		3A4C405E1C11FDEE009B520C /* CircleView.h */ = {isa = PBXFileReference; fileEncoding = 4; lastKnownFileType = sourcecode.c.h; path = CircleView.h; sourceTree = "<group>"; };
		3A4C405F1C11FDEE009B520C /* CircleView.m */ = {isa = PBXFileReference; fileEncoding = 4; lastKnownFileType = sourcecode.c.objc; path = CircleView.m; sourceTree = "<group>"; };
		3A4C40661C120405009B520C /* location_1.png */ = {isa = PBXFileReference; lastKnownFileType = image.png; path = location_1.png; sourceTree = "<group>"; };
		3A69DBAB1C13439900EABC79 /* BaseMapViewController.h */ = {isa = PBXFileReference; fileEncoding = 4; lastKnownFileType = sourcecode.c.h; path = BaseMapViewController.h; sourceTree = "<group>"; };
		3A69DBAC1C13439900EABC79 /* BaseMapViewController.m */ = {isa = PBXFileReference; fileEncoding = 4; lastKnownFileType = sourcecode.c.objc; path = BaseMapViewController.m; sourceTree = "<group>"; };
		3AC694761C19C807009B0633 /* location_2.png */ = {isa = PBXFileReference; lastKnownFileType = image.png; path = location_2.png; sourceTree = "<group>"; };
		3AC694781C19C927009B0633 /* location_0.png */ = {isa = PBXFileReference; lastKnownFileType = image.png; path = location_0.png; sourceTree = "<group>"; };
		3AC6947A1C19CA7A009B0633 /* CircleLocationView.h */ = {isa = PBXFileReference; fileEncoding = 4; lastKnownFileType = sourcecode.c.h; path = CircleLocationView.h; sourceTree = "<group>"; };
		3AC6947B1C19CA7A009B0633 /* CircleLocationView.m */ = {isa = PBXFileReference; fileEncoding = 4; lastKnownFileType = sourcecode.c.objc; path = CircleLocationView.m; sourceTree = "<group>"; };
		4D91A0C81C16E6C300093EC6 /* DrawerView.h */ = {isa = PBXFileReference; fileEncoding = 4; lastKnownFileType = sourcecode.c.h; path = DrawerView.h; sourceTree = "<group>"; };
		4D91A0C91C16E6C300093EC6 /* DrawerView.m */ = {isa = PBXFileReference; fileEncoding = 4; lastKnownFileType = sourcecode.c.objc; path = DrawerView.m; sourceTree = "<group>"; };
		4DBE58201C191695000B98AF /* DrawerViewDelegate.h */ = {isa = PBXFileReference; fileEncoding = 4; lastKnownFileType = sourcecode.c.h; path = DrawerViewDelegate.h; sourceTree = "<group>"; };
		4DCD33291C11915000F68262 /* iOSMaps.app */ = {isa = PBXFileReference; explicitFileType = wrapper.application; includeInIndex = 0; path = iOSMaps.app; sourceTree = BUILT_PRODUCTS_DIR; };
		4DCD332D1C11915000F68262 /* main.m */ = {isa = PBXFileReference; lastKnownFileType = sourcecode.c.objc; path = main.m; sourceTree = "<group>"; };
		4DCD332F1C11915000F68262 /* AppDelegate.h */ = {isa = PBXFileReference; lastKnownFileType = sourcecode.c.h; path = AppDelegate.h; sourceTree = "<group>"; };
		4DCD33301C11915000F68262 /* AppDelegate.m */ = {isa = PBXFileReference; lastKnownFileType = sourcecode.c.objc; path = AppDelegate.m; sourceTree = "<group>"; };
		4DCD33321C11915000F68262 /* ViewController.h */ = {isa = PBXFileReference; lastKnownFileType = sourcecode.c.h; path = ViewController.h; sourceTree = "<group>"; };
		4DCD33331C11915000F68262 /* ViewController.m */ = {isa = PBXFileReference; lastKnownFileType = sourcecode.c.objc; path = ViewController.m; sourceTree = "<group>"; };
		4DCD33361C11915000F68262 /* Base */ = {isa = PBXFileReference; lastKnownFileType = file.storyboard; name = Base; path = Base.lproj/Main.storyboard; sourceTree = "<group>"; };
		4DCD33391C11915000F68262 /* iOSMaps.xcdatamodel */ = {isa = PBXFileReference; lastKnownFileType = wrapper.xcdatamodel; path = iOSMaps.xcdatamodel; sourceTree = "<group>"; };
		4DCD333B1C11915000F68262 /* Assets.xcassets */ = {isa = PBXFileReference; lastKnownFileType = folder.assetcatalog; path = Assets.xcassets; sourceTree = "<group>"; };
		4DCD333E1C11915000F68262 /* Base */ = {isa = PBXFileReference; lastKnownFileType = file.storyboard; name = Base; path = Base.lproj/LaunchScreen.storyboard; sourceTree = "<group>"; };
		4DCD33401C11915000F68262 /* Info.plist */ = {isa = PBXFileReference; lastKnownFileType = text.plist.xml; path = Info.plist; sourceTree = "<group>"; };
		58F9DC11FC3E7E9A622A2C41 /* Pods.release.xcconfig */ = {isa = PBXFileReference; includeInIndex = 1; lastKnownFileType = text.xcconfig; name = Pods.release.xcconfig; path = "Pods/Target Support Files/Pods/Pods.release.xcconfig"; sourceTree = "<group>"; };
		73408F1F001C22930F462080 /* libPods.a */ = {isa = PBXFileReference; explicitFileType = archive.ar; includeInIndex = 0; path = libPods.a; sourceTree = BUILT_PRODUCTS_DIR; };
		FD2D0A083A325F260A4E512E /* Pods.debug.xcconfig */ = {isa = PBXFileReference; includeInIndex = 1; lastKnownFileType = text.xcconfig; name = Pods.debug.xcconfig; path = "Pods/Target Support Files/Pods/Pods.debug.xcconfig"; sourceTree = "<group>"; };
/* End PBXFileReference section */

/* Begin PBXFrameworksBuildPhase section */
		4DCD33261C11915000F68262 /* Frameworks */ = {
			isa = PBXFrameworksBuildPhase;
			buildActionMask = 2147483647;
			files = (
				213911C36900426D6445A75D /* libPods.a in Frameworks */,
			);
			runOnlyForDeploymentPostprocessing = 0;
		};
/* End PBXFrameworksBuildPhase section */

/* Begin PBXGroup section */
		26E23D9E3D2F4B0BA76A7C17 /* Frameworks */ = {
			isa = PBXGroup;
			children = (
				73408F1F001C22930F462080 /* libPods.a */,
			);
			name = Frameworks;
			sourceTree = "<group>";
		};
		2C00854E10AF4FA00E475068 /* Pods */ = {
			isa = PBXGroup;
			children = (
				FD2D0A083A325F260A4E512E /* Pods.debug.xcconfig */,
				58F9DC11FC3E7E9A622A2C41 /* Pods.release.xcconfig */,
			);
			name = Pods;
			sourceTree = "<group>";
		};
		3A4C404C1C11F566009B520C /* SearchView */ = {
			isa = PBXGroup;
			children = (
				3A4C404D1C11F59B009B520C /* SearchView.h */,
				3A4C404E1C11F59B009B520C /* SearchView.m */,
			);
			name = SearchView;
			sourceTree = "<group>";
		};
		3A4C40501C11F8CB009B520C /* SearchViewImages */ = {
			isa = PBXGroup;
			children = (
				3A4C40571C11F8EC009B520C /* ic_qu_search.png */,
				3A4C40581C11F8EC009B520C /* ic_qu_search@2x.png */,
				3A4C40591C11F8EC009B520C /* ic_qu_search@3x.png */,
				3A4C40511C11F8DE009B520C /* ic_qu_menu_grabber.png */,
				3A4C40521C11F8DE009B520C /* ic_qu_menu_grabber@2x.png */,
				3A4C40531C11F8DE009B520C /* ic_qu_menu_grabber@3x.png */,
			);
			name = SearchViewImages;
			sourceTree = "<group>";
		};
		3A4C405D1C11FDDA009B520C /* CircleView */ = {
			isa = PBXGroup;
			children = (
				3A4C405E1C11FDEE009B520C /* CircleView.h */,
				3A4C405F1C11FDEE009B520C /* CircleView.m */,
			);
			name = CircleView;
			sourceTree = "<group>";
		};
		3A4C40631C1203EE009B520C /* LocationViewImages */ = {
			isa = PBXGroup;
			children = (
				3AC694781C19C927009B0633 /* location_0.png */,
				3AC694761C19C807009B0633 /* location_2.png */,
				3A4C40661C120405009B520C /* location_1.png */,
			);
			name = LocationViewImages;
			sourceTree = "<group>";
		};
		3A69DBA91C1342BF00EABC79 /* Views */ = {
			isa = PBXGroup;
			children = (
				4D91A0C71C16E69100093EC6 /* DrawerView */,
				3A4C405D1C11FDDA009B520C /* CircleView */,
				3A4C404C1C11F566009B520C /* SearchView */,
			);
			name = Views;
			sourceTree = "<group>";
		};
		3A69DBAA1C1342D700EABC79 /* Controllers */ = {
			isa = PBXGroup;
			children = (
				3A69DBAB1C13439900EABC79 /* BaseMapViewController.h */,
				3A69DBAC1C13439900EABC79 /* BaseMapViewController.m */,
			);
			name = Controllers;
			sourceTree = "<group>";
		};
		3AC694721C19C512009B0633 /* MapsActionView */ = {
			isa = PBXGroup;
			children = (
				3AC6947A1C19CA7A009B0633 /* CircleLocationView.h */,
				3AC6947B1C19CA7A009B0633 /* CircleLocationView.m */,
			);
			name = MapsActionView;
			sourceTree = "<group>";
		};
		4D91A0C71C16E69100093EC6 /* DrawerView */ = {
			isa = PBXGroup;
			children = (
				4D91A0C81C16E6C300093EC6 /* DrawerView.h */,
				4D91A0C91C16E6C300093EC6 /* DrawerView.m */,
				4DBE58201C191695000B98AF /* DrawerViewDelegate.h */,
			);
			name = DrawerView;
			sourceTree = "<group>";
		};
		4DCD33201C11915000F68262 = {
			isa = PBXGroup;
			children = (
				4DCD332B1C11915000F68262 /* iOSMaps */,
				4DCD332A1C11915000F68262 /* Products */,
				2C00854E10AF4FA00E475068 /* Pods */,
				26E23D9E3D2F4B0BA76A7C17 /* Frameworks */,
			);
			sourceTree = "<group>";
		};
		4DCD332A1C11915000F68262 /* Products */ = {
			isa = PBXGroup;
			children = (
				4DCD33291C11915000F68262 /* iOSMaps.app */,
			);
			name = Products;
			sourceTree = "<group>";
		};
		4DCD332B1C11915000F68262 /* iOSMaps */ = {
			isa = PBXGroup;
			children = (
				3AC694721C19C512009B0633 /* MapsActionView */,
				3A69DBAA1C1342D700EABC79 /* Controllers */,
				3A69DBA91C1342BF00EABC79 /* Views */,
				4DCD332F1C11915000F68262 /* AppDelegate.h */,
				4DCD33301C11915000F68262 /* AppDelegate.m */,
				4DCD33321C11915000F68262 /* ViewController.h */,
				4DCD33331C11915000F68262 /* ViewController.m */,
				4DCD33351C11915000F68262 /* Main.storyboard */,
				4DCD333B1C11915000F68262 /* Assets.xcassets */,
				4DCD333D1C11915000F68262 /* LaunchScreen.storyboard */,
				4DCD33401C11915000F68262 /* Info.plist */,
				4DCD33381C11915000F68262 /* iOSMaps.xcdatamodeld */,
				4DCD332C1C11915000F68262 /* Supporting Files */,
			);
			path = iOSMaps;
			sourceTree = "<group>";
		};
		4DCD332C1C11915000F68262 /* Supporting Files */ = {
			isa = PBXGroup;
			children = (
				3A4C40631C1203EE009B520C /* LocationViewImages */,
				3A4C40501C11F8CB009B520C /* SearchViewImages */,
				4DCD332D1C11915000F68262 /* main.m */,
			);
			name = "Supporting Files";
			sourceTree = "<group>";
		};
/* End PBXGroup section */

/* Begin PBXNativeTarget section */
		4DCD33281C11915000F68262 /* iOSMaps */ = {
			isa = PBXNativeTarget;
			buildConfigurationList = 4DCD33431C11915000F68262 /* Build configuration list for PBXNativeTarget "iOSMaps" */;
			buildPhases = (
				75420A296E9BFC5F8FE7688F /* Check Pods Manifest.lock */,
				4DCD33251C11915000F68262 /* Sources */,
				4DCD33261C11915000F68262 /* Frameworks */,
				4DCD33271C11915000F68262 /* Resources */,
				C08AC5F5F91CEC784BB0E06F /* Embed Pods Frameworks */,
				A8AB1B52107A32DBF0C92146 /* Copy Pods Resources */,
			);
			buildRules = (
			);
			dependencies = (
			);
			name = iOSMaps;
			productName = iOSMaps;
			productReference = 4DCD33291C11915000F68262 /* iOSMaps.app */;
			productType = "com.apple.product-type.application";
		};
/* End PBXNativeTarget section */

/* Begin PBXProject section */
		4DCD33211C11915000F68262 /* Project object */ = {
			isa = PBXProject;
			attributes = {
				LastUpgradeCheck = 0710;
				ORGANIZATIONNAME = andforce;
				TargetAttributes = {
					4DCD33281C11915000F68262 = {
						CreatedOnToolsVersion = 7.1.1;
						DevelopmentTeam = YZ6U5WU446;
					};
				};
			};
			buildConfigurationList = 4DCD33241C11915000F68262 /* Build configuration list for PBXProject "iOSMaps" */;
			compatibilityVersion = "Xcode 3.2";
			developmentRegion = English;
			hasScannedForEncodings = 0;
			knownRegions = (
				en,
				Base,
			);
			mainGroup = 4DCD33201C11915000F68262;
			productRefGroup = 4DCD332A1C11915000F68262 /* Products */;
			projectDirPath = "";
			projectRoot = "";
			targets = (
				4DCD33281C11915000F68262 /* iOSMaps */,
			);
		};
/* End PBXProject section */

/* Begin PBXResourcesBuildPhase section */
		4DCD33271C11915000F68262 /* Resources */ = {
			isa = PBXResourcesBuildPhase;
			buildActionMask = 2147483647;
			files = (
				3A4C405B1C11F8EC009B520C /* ic_qu_search@2x.png in Resources */,
				3A4C405A1C11F8EC009B520C /* ic_qu_search.png in Resources */,
				3AC694791C19C927009B0633 /* location_0.png in Resources */,
				3AC694771C19C807009B0633 /* location_2.png in Resources */,
				3A4C40561C11F8DE009B520C /* ic_qu_menu_grabber@3x.png in Resources */,
				4DCD333F1C11915000F68262 /* LaunchScreen.storyboard in Resources */,
				3A4C40541C11F8DE009B520C /* ic_qu_menu_grabber.png in Resources */,
				4DCD333C1C11915000F68262 /* Assets.xcassets in Resources */,
				3A4C405C1C11F8EC009B520C /* ic_qu_search@3x.png in Resources */,
				4DCD33371C11915000F68262 /* Main.storyboard in Resources */,
				3A4C40691C120405009B520C /* location_1.png in Resources */,
				3A4C40551C11F8DE009B520C /* ic_qu_menu_grabber@2x.png in Resources */,
			);
			runOnlyForDeploymentPostprocessing = 0;
		};
/* End PBXResourcesBuildPhase section */

/* Begin PBXShellScriptBuildPhase section */
		75420A296E9BFC5F8FE7688F /* Check Pods Manifest.lock */ = {
			isa = PBXShellScriptBuildPhase;
			buildActionMask = 2147483647;
			files = (
			);
			inputPaths = (
			);
			name = "Check Pods Manifest.lock";
			outputPaths = (
			);
			runOnlyForDeploymentPostprocessing = 0;
			shellPath = /bin/sh;
			shellScript = "diff \"${PODS_ROOT}/../Podfile.lock\" \"${PODS_ROOT}/Manifest.lock\" > /dev/null\nif [[ $? != 0 ]] ; then\n    cat << EOM\nerror: The sandbox is not in sync with the Podfile.lock. Run 'pod install' or update your CocoaPods installation.\nEOM\n    exit 1\nfi\n";
			showEnvVarsInLog = 0;
		};
		A8AB1B52107A32DBF0C92146 /* Copy Pods Resources */ = {
			isa = PBXShellScriptBuildPhase;
			buildActionMask = 2147483647;
			files = (
			);
			inputPaths = (
			);
			name = "Copy Pods Resources";
			outputPaths = (
			);
			runOnlyForDeploymentPostprocessing = 0;
			shellPath = /bin/sh;
			shellScript = "\"${SRCROOT}/Pods/Target Support Files/Pods/Pods-resources.sh\"\n";
			showEnvVarsInLog = 0;
		};
		C08AC5F5F91CEC784BB0E06F /* Embed Pods Frameworks */ = {
			isa = PBXShellScriptBuildPhase;
			buildActionMask = 2147483647;
			files = (
			);
			inputPaths = (
			);
			name = "Embed Pods Frameworks";
			outputPaths = (
			);
			runOnlyForDeploymentPostprocessing = 0;
			shellPath = /bin/sh;
			shellScript = "\"${SRCROOT}/Pods/Target Support Files/Pods/Pods-frameworks.sh\"\n";
			showEnvVarsInLog = 0;
		};
/* End PBXShellScriptBuildPhase section */

/* Begin PBXSourcesBuildPhase section */
		4DCD33251C11915000F68262 /* Sources */ = {
			isa = PBXSourcesBuildPhase;
			buildActionMask = 2147483647;
			files = (
				4DCD333A1C11915000F68262 /* iOSMaps.xcdatamodeld in Sources */,
				3A69DBAD1C13439900EABC79 /* BaseMapViewController.m in Sources */,
				4DCD33341C11915000F68262 /* ViewController.m in Sources */,
				4DCD33311C11915000F68262 /* AppDelegate.m in Sources */,
				3A4C40601C11FDEE009B520C /* CircleView.m in Sources */,
				3A4C404F1C11F59B009B520C /* SearchView.m in Sources */,
				4D91A0CA1C16E6C300093EC6 /* DrawerView.m in Sources */,
				3AC6947C1C19CA7A009B0633 /* CircleLocationView.m in Sources */,
				4DCD332E1C11915000F68262 /* main.m in Sources */,
			);
			runOnlyForDeploymentPostprocessing = 0;
		};
/* End PBXSourcesBuildPhase section */

/* Begin PBXVariantGroup section */
		4DCD33351C11915000F68262 /* Main.storyboard */ = {
			isa = PBXVariantGroup;
			children = (
				4DCD33361C11915000F68262 /* Base */,
			);
			name = Main.storyboard;
			sourceTree = "<group>";
		};
		4DCD333D1C11915000F68262 /* LaunchScreen.storyboard */ = {
			isa = PBXVariantGroup;
			children = (
				4DCD333E1C11915000F68262 /* Base */,
			);
			name = LaunchScreen.storyboard;
			sourceTree = "<group>";
		};
/* End PBXVariantGroup section */

/* Begin XCBuildConfiguration section */
		4DCD33411C11915000F68262 /* Debug */ = {
			isa = XCBuildConfiguration;
			buildSettings = {
				ALWAYS_SEARCH_USER_PATHS = NO;
				CLANG_CXX_LANGUAGE_STANDARD = "gnu++0x";
				CLANG_CXX_LIBRARY = "libc++";
				CLANG_ENABLE_MODULES = YES;
				CLANG_ENABLE_OBJC_ARC = YES;
				CLANG_WARN_BOOL_CONVERSION = YES;
				CLANG_WARN_CONSTANT_CONVERSION = YES;
				CLANG_WARN_DIRECT_OBJC_ISA_USAGE = YES_ERROR;
				CLANG_WARN_EMPTY_BODY = YES;
				CLANG_WARN_ENUM_CONVERSION = YES;
				CLANG_WARN_INT_CONVERSION = YES;
				CLANG_WARN_OBJC_ROOT_CLASS = YES_ERROR;
				CLANG_WARN_UNREACHABLE_CODE = YES;
				CLANG_WARN__DUPLICATE_METHOD_MATCH = YES;
				"CODE_SIGN_IDENTITY[sdk=iphoneos*]" = "iPhone Developer";
				COPY_PHASE_STRIP = NO;
				DEBUG_INFORMATION_FORMAT = dwarf;
				ENABLE_STRICT_OBJC_MSGSEND = YES;
				ENABLE_TESTABILITY = YES;
				GCC_C_LANGUAGE_STANDARD = gnu99;
				GCC_DYNAMIC_NO_PIC = NO;
				GCC_NO_COMMON_BLOCKS = YES;
				GCC_OPTIMIZATION_LEVEL = 0;
				GCC_PREPROCESSOR_DEFINITIONS = (
					"DEBUG=1",
					"$(inherited)",
				);
				GCC_WARN_64_TO_32_BIT_CONVERSION = YES;
				GCC_WARN_ABOUT_RETURN_TYPE = YES_ERROR;
				GCC_WARN_UNDECLARED_SELECTOR = YES;
				GCC_WARN_UNINITIALIZED_AUTOS = YES_AGGRESSIVE;
				GCC_WARN_UNUSED_FUNCTION = YES;
				GCC_WARN_UNUSED_VARIABLE = YES;
				IPHONEOS_DEPLOYMENT_TARGET = 9.0;
				MTL_ENABLE_DEBUG_INFO = YES;
				ONLY_ACTIVE_ARCH = YES;
				SDKROOT = iphoneos;
			};
			name = Debug;
		};
		4DCD33421C11915000F68262 /* Release */ = {
			isa = XCBuildConfiguration;
			buildSettings = {
				ALWAYS_SEARCH_USER_PATHS = NO;
				CLANG_CXX_LANGUAGE_STANDARD = "gnu++0x";
				CLANG_CXX_LIBRARY = "libc++";
				CLANG_ENABLE_MODULES = YES;
				CLANG_ENABLE_OBJC_ARC = YES;
				CLANG_WARN_BOOL_CONVERSION = YES;
				CLANG_WARN_CONSTANT_CONVERSION = YES;
				CLANG_WARN_DIRECT_OBJC_ISA_USAGE = YES_ERROR;
				CLANG_WARN_EMPTY_BODY = YES;
				CLANG_WARN_ENUM_CONVERSION = YES;
				CLANG_WARN_INT_CONVERSION = YES;
				CLANG_WARN_OBJC_ROOT_CLASS = YES_ERROR;
				CLANG_WARN_UNREACHABLE_CODE = YES;
				CLANG_WARN__DUPLICATE_METHOD_MATCH = YES;
				"CODE_SIGN_IDENTITY[sdk=iphoneos*]" = "iPhone Developer";
				COPY_PHASE_STRIP = NO;
				DEBUG_INFORMATION_FORMAT = "dwarf-with-dsym";
				ENABLE_NS_ASSERTIONS = NO;
				ENABLE_STRICT_OBJC_MSGSEND = YES;
				GCC_C_LANGUAGE_STANDARD = gnu99;
				GCC_NO_COMMON_BLOCKS = YES;
				GCC_WARN_64_TO_32_BIT_CONVERSION = YES;
				GCC_WARN_ABOUT_RETURN_TYPE = YES_ERROR;
				GCC_WARN_UNDECLARED_SELECTOR = YES;
				GCC_WARN_UNINITIALIZED_AUTOS = YES_AGGRESSIVE;
				GCC_WARN_UNUSED_FUNCTION = YES;
				GCC_WARN_UNUSED_VARIABLE = YES;
				IPHONEOS_DEPLOYMENT_TARGET = 9.0;
				MTL_ENABLE_DEBUG_INFO = NO;
				SDKROOT = iphoneos;
				VALIDATE_PRODUCT = YES;
			};
			name = Release;
		};
		4DCD33441C11915000F68262 /* Debug */ = {
			isa = XCBuildConfiguration;
			baseConfigurationReference = FD2D0A083A325F260A4E512E /* Pods.debug.xcconfig */;
			buildSettings = {
				ASSETCATALOG_COMPILER_APPICON_NAME = AppIcon;
				CODE_SIGN_IDENTITY = "iPhone Developer";
				"CODE_SIGN_IDENTITY[sdk=iphoneos*]" = "iPhone Developer";
				INFOPLIST_FILE = iOSMaps/Info.plist;
				IPHONEOS_DEPLOYMENT_TARGET = 9.0;
				LD_RUNPATH_SEARCH_PATHS = "$(inherited) @executable_path/Frameworks";
				PRODUCT_BUNDLE_IDENTIFIER = com.andforce.iOSMaps;
				PRODUCT_NAME = "$(TARGET_NAME)";
				PROVISIONING_PROFILE = "";
			};
			name = Debug;
		};
		4DCD33451C11915000F68262 /* Release */ = {
			isa = XCBuildConfiguration;
			baseConfigurationReference = 58F9DC11FC3E7E9A622A2C41 /* Pods.release.xcconfig */;
			buildSettings = {
				ASSETCATALOG_COMPILER_APPICON_NAME = AppIcon;
				CODE_SIGN_IDENTITY = "iPhone Developer";
				"CODE_SIGN_IDENTITY[sdk=iphoneos*]" = "iPhone Developer";
				INFOPLIST_FILE = iOSMaps/Info.plist;
				IPHONEOS_DEPLOYMENT_TARGET = 9.0;
				LD_RUNPATH_SEARCH_PATHS = "$(inherited) @executable_path/Frameworks";
				PRODUCT_BUNDLE_IDENTIFIER = com.andforce.iOSMaps;
				PRODUCT_NAME = "$(TARGET_NAME)";
				PROVISIONING_PROFILE = "";
			};
			name = Release;
		};
/* End XCBuildConfiguration section */

/* Begin XCConfigurationList section */
		4DCD33241C11915000F68262 /* Build configuration list for PBXProject "iOSMaps" */ = {
			isa = XCConfigurationList;
			buildConfigurations = (
				4DCD33411C11915000F68262 /* Debug */,
				4DCD33421C11915000F68262 /* Release */,
			);
			defaultConfigurationIsVisible = 0;
			defaultConfigurationName = Release;
		};
		4DCD33431C11915000F68262 /* Build configuration list for PBXNativeTarget "iOSMaps" */ = {
			isa = XCConfigurationList;
			buildConfigurations = (
				4DCD33441C11915000F68262 /* Debug */,
				4DCD33451C11915000F68262 /* Release */,
			);
			defaultConfigurationIsVisible = 0;
			defaultConfigurationName = Release;
		};
/* End XCConfigurationList section */

/* Begin XCVersionGroup section */
		4DCD33381C11915000F68262 /* iOSMaps.xcdatamodeld */ = {
			isa = XCVersionGroup;
			children = (
				4DCD33391C11915000F68262 /* iOSMaps.xcdatamodel */,
			);
			currentVersion = 4DCD33391C11915000F68262 /* iOSMaps.xcdatamodel */;
			path = iOSMaps.xcdatamodeld;
			sourceTree = "<group>";
			versionGroupType = wrapper.xcdatamodel;
		};
/* End XCVersionGroup section */
	};
	rootObject = 4DCD33211C11915000F68262 /* Project object */;
}
